// !$*UTF8*$!
{
	archiveVersion = 1;
	classes = {
	};
	objectVersion = 56;
	objects = {

/* Begin PBXBuildFile section */
		5334F3F32A5ED31B00F077CC /* AppDelegate.swift in Sources */ = {isa = PBXBuildFile; fileRef = 5334F3F22A5ED31B00F077CC /* AppDelegate.swift */; };
		5334F3F52A5ED31B00F077CC /* SceneDelegate.swift in Sources */ = {isa = PBXBuildFile; fileRef = 5334F3F42A5ED31B00F077CC /* SceneDelegate.swift */; };
		5334F3FA2A5ED31B00F077CC /* Main.storyboard in Resources */ = {isa = PBXBuildFile; fileRef = 5334F3F82A5ED31B00F077CC /* Main.storyboard */; };
		5334F3FC2A5ED31B00F077CC /* Assets.xcassets in Resources */ = {isa = PBXBuildFile; fileRef = 5334F3FB2A5ED31B00F077CC /* Assets.xcassets */; };
		5334F3FF2A5ED31B00F077CC /* LaunchScreen.storyboard in Resources */ = {isa = PBXBuildFile; fileRef = 5334F3FD2A5ED31B00F077CC /* LaunchScreen.storyboard */; };
		5334F4072A5EDF8100F077CC /* ItemTableViewCell.swift in Sources */ = {isa = PBXBuildFile; fileRef = 5334F4062A5EDF8100F077CC /* ItemTableViewCell.swift */; };
		5334F4092A5EE06000F077CC /* ItemsTableViewController.swift in Sources */ = {isa = PBXBuildFile; fileRef = 5334F4082A5EE06000F077CC /* ItemsTableViewController.swift */; };
		5334F40B2A5EE27600F077CC /* AddItemViewController.swift in Sources */ = {isa = PBXBuildFile; fileRef = 5334F40A2A5EE27600F077CC /* AddItemViewController.swift */; };
/* End PBXBuildFile section */

/* Begin PBXFileReference section */
		5334F3EF2A5ED31B00F077CC /* HinakkoKadai14.app */ = {isa = PBXFileReference; explicitFileType = wrapper.application; includeInIndex = 0; path = HinakkoKadai14.app; sourceTree = BUILT_PRODUCTS_DIR; };
		5334F3F22A5ED31B00F077CC /* AppDelegate.swift */ = {isa = PBXFileReference; lastKnownFileType = sourcecode.swift; path = AppDelegate.swift; sourceTree = "<group>"; };
		5334F3F42A5ED31B00F077CC /* SceneDelegate.swift */ = {isa = PBXFileReference; lastKnownFileType = sourcecode.swift; path = SceneDelegate.swift; sourceTree = "<group>"; };
		5334F3F92A5ED31B00F077CC /* Base */ = {isa = PBXFileReference; lastKnownFileType = file.storyboard; name = Base; path = Base.lproj/Main.storyboard; sourceTree = "<group>"; };
		5334F3FB2A5ED31B00F077CC /* Assets.xcassets */ = {isa = PBXFileReference; lastKnownFileType = folder.assetcatalog; path = Assets.xcassets; sourceTree = "<group>"; };
		5334F3FE2A5ED31B00F077CC /* Base */ = {isa = PBXFileReference; lastKnownFileType = file.storyboard; name = Base; path = Base.lproj/LaunchScreen.storyboard; sourceTree = "<group>"; };
		5334F4002A5ED31B00F077CC /* Info.plist */ = {isa = PBXFileReference; lastKnownFileType = text.plist.xml; path = Info.plist; sourceTree = "<group>"; };
		5334F4062A5EDF8100F077CC /* ItemTableViewCell.swift */ = {isa = PBXFileReference; lastKnownFileType = sourcecode.swift; path = ItemTableViewCell.swift; sourceTree = "<group>"; };
		5334F4082A5EE06000F077CC /* ItemsTableViewController.swift */ = {isa = PBXFileReference; lastKnownFileType = sourcecode.swift; path = ItemsTableViewController.swift; sourceTree = "<group>"; };
		5334F40A2A5EE27600F077CC /* AddItemViewController.swift */ = {isa = PBXFileReference; lastKnownFileType = sourcecode.swift; path = AddItemViewController.swift; sourceTree = "<group>"; };
/* End PBXFileReference section */

/* Begin PBXFrameworksBuildPhase section */
		5334F3EC2A5ED31B00F077CC /* Frameworks */ = {
			isa = PBXFrameworksBuildPhase;
			buildActionMask = 2147483647;
			files = (
			);
			runOnlyForDeploymentPostprocessing = 0;
		};
/* End PBXFrameworksBuildPhase section */

/* Begin PBXGroup section */
		5334F3E62A5ED31B00F077CC = {
			isa = PBXGroup;
			children = (
				5334F3F12A5ED31B00F077CC /* HinakkoKadai14 */,
				5334F3F02A5ED31B00F077CC /* Products */,
			);
			sourceTree = "<group>";
		};
		5334F3F02A5ED31B00F077CC /* Products */ = {
			isa = PBXGroup;
			children = (
				5334F3EF2A5ED31B00F077CC /* HinakkoKadai14.app */,
			);
			name = Products;
			sourceTree = "<group>";
		};
		5334F3F12A5ED31B00F077CC /* HinakkoKadai14 */ = {
			isa = PBXGroup;
			children = (
				5334F3F22A5ED31B00F077CC /* AppDelegate.swift */,
				5334F3F42A5ED31B00F077CC /* SceneDelegate.swift */,
				5334F4062A5EDF8100F077CC /* ItemTableViewCell.swift */,
				5334F4082A5EE06000F077CC /* ItemsTableViewController.swift */,
				5334F40A2A5EE27600F077CC /* AddItemViewController.swift */,
				5334F3F82A5ED31B00F077CC /* Main.storyboard */,
				5334F3FB2A5ED31B00F077CC /* Assets.xcassets */,
				5334F3FD2A5ED31B00F077CC /* LaunchScreen.storyboard */,
				5334F4002A5ED31B00F077CC /* Info.plist */,
			);
			path = HinakkoKadai14;
			sourceTree = "<group>";
		};
/* End PBXGroup section */

/* Begin PBXNativeTarget section */
		5334F3EE2A5ED31B00F077CC /* HinakkoKadai14 */ = {
			isa = PBXNativeTarget;
			buildConfigurationList = 5334F4032A5ED31B00F077CC /* Build configuration list for PBXNativeTarget "HinakkoKadai14" */;
			buildPhases = (
				5334F3EB2A5ED31B00F077CC /* Sources */,
				5334F3EC2A5ED31B00F077CC /* Frameworks */,
				5334F3ED2A5ED31B00F077CC /* Resources */,
			);
			buildRules = (
			);
			dependencies = (
			);
			name = HinakkoKadai14;
			productName = HinakkoKadai14;
			productReference = 5334F3EF2A5ED31B00F077CC /* HinakkoKadai14.app */;
			productType = "com.apple.product-type.application";
		};
/* End PBXNativeTarget section */

/* Begin PBXProject section */
		5334F3E72A5ED31B00F077CC /* Project object */ = {
			isa = PBXProject;
			attributes = {
				BuildIndependentTargetsInParallel = 1;
				LastSwiftUpdateCheck = 1430;
				LastUpgradeCheck = 1430;
				TargetAttributes = {
					5334F3EE2A5ED31B00F077CC = {
						CreatedOnToolsVersion = 14.3.1;
					};
				};
			};
			buildConfigurationList = 5334F3EA2A5ED31B00F077CC /* Build configuration list for PBXProject "HinakkoKadai14" */;
			compatibilityVersion = "Xcode 14.0";
			developmentRegion = en;
			hasScannedForEncodings = 0;
			knownRegions = (
				en,
				Base,
			);
			mainGroup = 5334F3E62A5ED31B00F077CC;
			productRefGroup = 5334F3F02A5ED31B00F077CC /* Products */;
			projectDirPath = "";
			projectRoot = "";
			targets = (
				5334F3EE2A5ED31B00F077CC /* HinakkoKadai14 */,
			);
		};
/* End PBXProject section */

/* Begin PBXResourcesBuildPhase section */
		5334F3ED2A5ED31B00F077CC /* Resources */ = {
			isa = PBXResourcesBuildPhase;
			buildActionMask = 2147483647;
			files = (
				5334F3FF2A5ED31B00F077CC /* LaunchScreen.storyboard in Resources */,
				5334F3FC2A5ED31B00F077CC /* Assets.xcassets in Resources */,
				5334F3FA2A5ED31B00F077CC /* Main.storyboard in Resources */,
			);
			runOnlyForDeploymentPostprocessing = 0;
		};
/* End PBXResourcesBuildPhase section */

/* Begin PBXSourcesBuildPhase section */
		5334F3EB2A5ED31B00F077CC /* Sources */ = {
			isa = PBXSourcesBuildPhase;
			buildActionMask = 2147483647;
			files = (
				5334F40B2A5EE27600F077CC /* AddItemViewController.swift in Sources */,
				5334F4072A5EDF8100F077CC /* ItemTableViewCell.swift in Sources */,
				5334F3F32A5ED31B00F077CC /* AppDelegate.swift in Sources */,
				5334F4092A5EE06000F077CC /* ItemsTableViewController.swift in Sources */,
				5334F3F52A5ED31B00F077CC /* SceneDelegate.swift in Sources */,
			);
			runOnlyForDeploymentPostprocessing = 0;
		};
/* End PBXSourcesBuildPhase section */

/* Begin PBXVariantGroup section */
		5334F3F82A5ED31B00F077CC /* Main.storyboard */ = {
			isa = PBXVariantGroup;
			children = (
				5334F3F92A5ED31B00F077CC /* Base */,
			);
			name = Main.storyboard;
			sourceTree = "<group>";
		};
		5334F3FD2A5ED31B00F077CC /* LaunchScreen.storyboard */ = {
			isa = PBXVariantGroup;
			children = (
				5334F3FE2A5ED31B00F077CC /* Base */,
			);
			name = LaunchScreen.storyboard;
			sourceTree = "<group>";
		};
/* End PBXVariantGroup section */

/* Begin XCBuildConfiguration section */
		5334F4012A5ED31B00F077CC /* Debug */ = {
			isa = XCBuildConfiguration;
			buildSettings = {
				ALWAYS_SEARCH_USER_PATHS = NO;
				CLANG_ANALYZER_NONNULL = YES;
				CLANG_ANALYZER_NUMBER_OBJECT_CONVERSION = YES_AGGRESSIVE;
				CLANG_CXX_LANGUAGE_STANDARD = "gnu++20";
				CLANG_ENABLE_MODULES = YES;
				CLANG_ENABLE_OBJC_ARC = YES;
				CLANG_ENABLE_OBJC_WEAK = YES;
				CLANG_WARN_BLOCK_CAPTURE_AUTORELEASING = YES;
				CLANG_WARN_BOOL_CONVERSION = YES;
				CLANG_WARN_COMMA = YES;
				CLANG_WARN_CONSTANT_CONVERSION = YES;
				CLANG_WARN_DEPRECATED_OBJC_IMPLEMENTATIONS = YES;
				CLANG_WARN_DIRECT_OBJC_ISA_USAGE = YES_ERROR;
				CLANG_WARN_DOCUMENTATION_COMMENTS = YES;
				CLANG_WARN_EMPTY_BODY = YES;
				CLANG_WARN_ENUM_CONVERSION = YES;
				CLANG_WARN_INFINITE_RECURSION = YES;
				CLANG_WARN_INT_CONVERSION = YES;
				CLANG_WARN_NON_LITERAL_NULL_CONVERSION = YES;
				CLANG_WARN_OBJC_IMPLICIT_RETAIN_SELF = YES;
				CLANG_WARN_OBJC_LITERAL_CONVERSION = YES;
				CLANG_WARN_OBJC_ROOT_CLASS = YES_ERROR;
				CLANG_WARN_QUOTED_INCLUDE_IN_FRAMEWORK_HEADER = YES;
				CLANG_WARN_RANGE_LOOP_ANALYSIS = YES;
				CLANG_WARN_STRICT_PROTOTYPES = YES;
				CLANG_WARN_SUSPICIOUS_MOVE = YES;
				CLANG_WARN_UNGUARDED_AVAILABILITY = YES_AGGRESSIVE;
				CLANG_WARN_UNREACHABLE_CODE = YES;
				CLANG_WARN__DUPLICATE_METHOD_MATCH = YES;
				COPY_PHASE_STRIP = NO;
				DEBUG_INFORMATION_FORMAT = dwarf;
				ENABLE_STRICT_OBJC_MSGSEND = YES;
				ENABLE_TESTABILITY = YES;
				GCC_C_LANGUAGE_STANDARD = gnu11;
				GCC_DYNAMIC_NO_PIC = NO;
				GCC_NO_COMMON_BLOCKS = YES;
				GCC_OPTIMIZATION_LEVEL = 0;
				GCC_PREPROCESSOR_DEFINITIONS = (
					"DEBUG=1",
					"$(inherited)",
				);
				GCC_WARN_64_TO_32_BIT_CONVERSION = YES;
				GCC_WARN_ABOUT_RETURN_TYPE = YES_ERROR;
				GCC_WARN_UNDECLARED_SELECTOR = YES;
				GCC_WARN_UNINITIALIZED_AUTOS = YES_AGGRESSIVE;
				GCC_WARN_UNUSED_FUNCTION = YES;
				GCC_WARN_UNUSED_VARIABLE = YES;
				IPHONEOS_DEPLOYMENT_TARGET = 16.4;
				MTL_ENABLE_DEBUG_INFO = INCLUDE_SOURCE;
				MTL_FAST_MATH = YES;
				ONLY_ACTIVE_ARCH = YES;
				SDKROOT = iphoneos;
				SWIFT_ACTIVE_COMPILATION_CONDITIONS = DEBUG;
				SWIFT_OPTIMIZATION_LEVEL = "-Onone";
			};
			name = Debug;
		};
		5334F4022A5ED31B00F077CC /* Release */ = {
			isa = XCBuildConfiguration;
			buildSettings = {
				ALWAYS_SEARCH_USER_PATHS = NO;
				CLANG_ANALYZER_NONNULL = YES;
				CLANG_ANALYZER_NUMBER_OBJECT_CONVERSION = YES_AGGRESSIVE;
				CLANG_CXX_LANGUAGE_STANDARD = "gnu++20";
				CLANG_ENABLE_MODULES = YES;
				CLANG_ENABLE_OBJC_ARC = YES;
				CLANG_ENABLE_OBJC_WEAK = YES;
				CLANG_WARN_BLOCK_CAPTURE_AUTORELEASING = YES;
				CLANG_WARN_BOOL_CONVERSION = YES;
				CLANG_WARN_COMMA = YES;
				CLANG_WARN_CONSTANT_CONVERSION = YES;
				CLANG_WARN_DEPRECATED_OBJC_IMPLEMENTATIONS = YES;
				CLANG_WARN_DIRECT_OBJC_ISA_USAGE = YES_ERROR;
				CLANG_WARN_DOCUMENTATION_COMMENTS = YES;
				CLANG_WARN_EMPTY_BODY = YES;
				CLANG_WARN_ENUM_CONVERSION = YES;
				CLANG_WARN_INFINITE_RECURSION = YES;
				CLANG_WARN_INT_CONVERSION = YES;
				CLANG_WARN_NON_LITERAL_NULL_CONVERSION = YES;
				CLANG_WARN_OBJC_IMPLICIT_RETAIN_SELF = YES;
				CLANG_WARN_OBJC_LITERAL_CONVERSION = YES;
				CLANG_WARN_OBJC_ROOT_CLASS = YES_ERROR;
				CLANG_WARN_QUOTED_INCLUDE_IN_FRAMEWORK_HEADER = YES;
				CLANG_WARN_RANGE_LOOP_ANALYSIS = YES;
				CLANG_WARN_STRICT_PROTOTYPES = YES;
				CLANG_WARN_SUSPICIOUS_MOVE = YES;
				CLANG_WARN_UNGUARDED_AVAILABILITY = YES_AGGRESSIVE;
				CLANG_WARN_UNREACHABLE_CODE = YES;
				CLANG_WARN__DUPLICATE_METHOD_MATCH = YES;
				COPY_PHASE_STRIP = NO;
				DEBUG_INFORMATION_FORMAT = "dwarf-with-dsym";
				ENABLE_NS_ASSERTIONS = NO;
				ENABLE_STRICT_OBJC_MSGSEND = YES;
				GCC_C_LANGUAGE_STANDARD = gnu11;
				GCC_NO_COMMON_BLOCKS = YES;
				GCC_WARN_64_TO_32_BIT_CONVERSION = YES;
				GCC_WARN_ABOUT_RETURN_TYPE = YES_ERROR;
				GCC_WARN_UNDECLARED_SELECTOR = YES;
				GCC_WARN_UNINITIALIZED_AUTOS = YES_AGGRESSIVE;
				GCC_WARN_UNUSED_FUNCTION = YES;
				GCC_WARN_UNUSED_VARIABLE = YES;
				IPHONEOS_DEPLOYMENT_TARGET = 16.4;
				MTL_ENABLE_DEBUG_INFO = NO;
				MTL_FAST_MATH = YES;
				SDKROOT = iphoneos;
				SWIFT_COMPILATION_MODE = wholemodule;
				SWIFT_OPTIMIZATION_LEVEL = "-O";
				VALIDATE_PRODUCT = YES;
			};
			name = Release;
		};
		5334F4042A5ED31B00F077CC /* Debug */ = {
			isa = XCBuildConfiguration;
			buildSettings = {
				ASSETCATALOG_COMPILER_APPICON_NAME = AppIcon;
				ASSETCATALOG_COMPILER_GLOBAL_ACCENT_COLOR_NAME = AccentColor;
				CODE_SIGN_STYLE = Automatic;
				CURRENT_PROJECT_VERSION = 1;
				GENERATE_INFOPLIST_FILE = YES;
				INFOPLIST_FILE = HinakkoKadai14/Info.plist;
				INFOPLIST_KEY_UIApplicationSupportsIndirectInputEvents = YES;
				INFOPLIST_KEY_UILaunchStoryboardName = LaunchScreen;
				INFOPLIST_KEY_UIMainStoryboardFile = Main;
				INFOPLIST_KEY_UISupportedInterfaceOrientations_iPad = "UIInterfaceOrientationPortrait UIInterfaceOrientationPortraitUpsideDown UIInterfaceOrientationLandscapeLeft UIInterfaceOrientationLandscapeRight";
				INFOPLIST_KEY_UISupportedInterfaceOrientations_iPhone = "UIInterfaceOrientationPortrait UIInterfaceOrientationLandscapeLeft UIInterfaceOrientationLandscapeRight";
				LD_RUNPATH_SEARCH_PATHS = (
					"$(inherited)",
					"@executable_path/Frameworks",
				);
				MARKETING_VERSION = 1.0;
				PRODUCT_BUNDLE_IDENTIFIER = com.hinaf0224.HinakkoKadai14;
				PRODUCT_NAME = "$(TARGET_NAME)";
				SWIFT_EMIT_LOC_STRINGS = YES;
				SWIFT_VERSION = 5.0;
				TARGETED_DEVICE_FAMILY = "1,2";
			};
			name = Debug;
		};
		5334F4052A5ED31B00F077CC /* Release */ = {
			isa = XCBuildConfiguration;
			buildSettings = {
				ASSETCATALOG_COMPILER_APPICON_NAME = AppIcon;
				ASSETCATALOG_COMPILER_GLOBAL_ACCENT_COLOR_NAME = AccentColor;
				CODE_SIGN_STYLE = Automatic;
				CURRENT_PROJECT_VERSION = 1;
				GENERATE_INFOPLIST_FILE = YES;
				INFOPLIST_FILE = HinakkoKadai14/Info.plist;
				INFOPLIST_KEY_UIApplicationSupportsIndirectInputEvents = YES;
				INFOPLIST_KEY_UILaunchStoryboardName = LaunchScreen;
				INFOPLIST_KEY_UIMainStoryboardFile = Main;
				INFOPLIST_KEY_UISupportedInterfaceOrientations_iPad = "UIInterfaceOrientationPortrait UIInterfaceOrientationPortraitUpsideDown UIInterfaceOrientationLandscapeLeft UIInterfaceOrientationLandscapeRight";
				INFOPLIST_KEY_UISupportedInterfaceOrientations_iPhone = "UIInterfaceOrientationPortrait UIInterfaceOrientationLandscapeLeft UIInterfaceOrientationLandscapeRight";
				LD_RUNPATH_SEARCH_PATHS = (
					"$(inherited)",
					"@executable_path/Frameworks",
				);
				MARKETING_VERSION = 1.0;
				PRODUCT_BUNDLE_IDENTIFIER = com.hinaf0224.HinakkoKadai14;
				PRODUCT_NAME = "$(TARGET_NAME)";
				SWIFT_EMIT_LOC_STRINGS = YES;
				SWIFT_VERSION = 5.0;
				TARGETED_DEVICE_FAMILY = "1,2";
			};
			name = Release;
		};
/* End XCBuildConfiguration section */

/* Begin XCConfigurationList section */
		5334F3EA2A5ED31B00F077CC /* Build configuration list for PBXProject "HinakkoKadai14" */ = {
			isa = XCConfigurationList;
			buildConfigurations = (
				5334F4012A5ED31B00F077CC /* Debug */,
				5334F4022A5ED31B00F077CC /* Release */,
			);
			defaultConfigurationIsVisible = 0;
			defaultConfigurationName = Release;
		};
		5334F4032A5ED31B00F077CC /* Build configuration list for PBXNativeTarget "HinakkoKadai14" */ = {
			isa = XCConfigurationList;
			buildConfigurations = (
				5334F4042A5ED31B00F077CC /* Debug */,
				5334F4052A5ED31B00F077CC /* Release */,
			);
			defaultConfigurationIsVisible = 0;
			defaultConfigurationName = Release;
		};
/* End XCConfigurationList section */
	};
	rootObject = 5334F3E72A5ED31B00F077CC /* Project object */;
}
